
Microsoft Visual Studio Solution File, Format Version 12.00
# Visual Studio 15
VisualStudioVersion = 15.0.26730.12
MinimumVisualStudioVersion = 10.0.40219.1
Project("{FAE04EC0-301F-11D3-BF4B-00C04F79EFBC}") = "LSPExample", "LSPExample\LSPExample.csproj", "{DA1D5E08-147D-490C-BACB-AD0DE16E84C0}"
EndProject
Global
	GlobalSection(SolutionConfigurationPlatforms) = preSolution
		Debug|Any CPU = Debug|Any CPU
		Release|Any CPU = Release|Any CPU
	EndGlobalSection
	GlobalSection(ProjectConfigurationPlatforms) = postSolution
		{DA1D5E08-147D-490C-BACB-AD0DE16E84C0}.Debug|Any CPU.ActiveCfg = Debug|Any CPU
		{DA1D5E08-147D-490C-BACB-AD0DE16E84C0}.Debug|Any CPU.Build.0 = Debug|Any CPU
		{DA1D5E08-147D-490C-BACB-AD0DE16E84C0}.Release|Any CPU.ActiveCfg = Release|Any CPU
		{DA1D5E08-147D-490C-BACB-AD0DE16E84C0}.Release|Any CPU.Build.0 = Release|Any CPU
	EndGlobalSection
	GlobalSection(SolutionProperties) = preSolution
		HideSolutionNode = FALSE
	EndGlobalSection
	GlobalSection(ExtensibilityGlobals) = postSolution
		SolutionGuid = {020F500C-49A0-434B-B727-FAC1D6396464}
	EndGlobalSection
EndGlobal
