
Microsoft Visual Studio Solution File, Format Version 12.00
# Visual Studio 15
VisualStudioVersion = 15.0.27130.2036
MinimumVisualStudioVersion = 10.0.40219.1
Project("{FAE04EC0-301F-11D3-BF4B-00C04F79EFBC}") = "GuardiansOfTheCode", "GuardiansOfTheCode\GuardiansOfTheCode.csproj", "{EEC7AC2F-28D8-45BF-9763-2EDD3B915AC4}"
EndProject
Global
	GlobalSection(SolutionConfigurationPlatforms) = preSolution
		Debug|Any CPU = Debug|Any CPU
		Release|Any CPU = Release|Any CPU
	EndGlobalSection
	GlobalSection(ProjectConfigurationPlatforms) = postSolution
		{EEC7AC2F-28D8-45BF-9763-2EDD3B915AC4}.Debug|Any CPU.ActiveCfg = Debug|Any CPU
		{EEC7AC2F-28D8-45BF-9763-2EDD3B915AC4}.Debug|Any CPU.Build.0 = Debug|Any CPU
		{EEC7AC2F-28D8-45BF-9763-2EDD3B915AC4}.Release|Any CPU.ActiveCfg = Release|Any CPU
		{EEC7AC2F-28D8-45BF-9763-2EDD3B915AC4}.Release|Any CPU.Build.0 = Release|Any CPU
	EndGlobalSection
	GlobalSection(SolutionProperties) = preSolution
		HideSolutionNode = FALSE
	EndGlobalSection
	GlobalSection(ExtensibilityGlobals) = postSolution
		SolutionGuid = {52D5D116-44CC-44E2-B8CC-ACEC7C4C3979}
	EndGlobalSection
EndGlobal
